// !$*UTF8*$!
{
	archiveVersion = 1;
	classes = {
	};
	objectVersion = 48;
	objects = {

/* Begin PBXBuildFile section */
		1376063F20ED53DD00C63322 /* AppDelegate.swift in Sources */ = {isa = PBXBuildFile; fileRef = 1376063E20ED53DD00C63322 /* AppDelegate.swift */; };
		1376064120ED53DD00C63322 /* ViewController.swift in Sources */ = {isa = PBXBuildFile; fileRef = 1376064020ED53DD00C63322 /* ViewController.swift */; };
		1376064420ED53DD00C63322 /* Main.storyboard in Resources */ = {isa = PBXBuildFile; fileRef = 1376064220ED53DD00C63322 /* Main.storyboard */; };
		1376064620ED53DD00C63322 /* Assets.xcassets in Resources */ = {isa = PBXBuildFile; fileRef = 1376064520ED53DD00C63322 /* Assets.xcassets */; };
		1376064920ED53DD00C63322 /* LaunchScreen.storyboard in Resources */ = {isa = PBXBuildFile; fileRef = 1376064720ED53DD00C63322 /* LaunchScreen.storyboard */; };
		1376065120EFFD5300C63322 /* GoogleService-Info.plist in Resources */ = {isa = PBXBuildFile; fileRef = 1376065020EFFD5300C63322 /* GoogleService-Info.plist */; };
		1397E53D20FCEC0D00CD1377 /* ContactoTableViewCell.swift in Sources */ = {isa = PBXBuildFile; fileRef = 1397E53C20FCEC0D00CD1377 /* ContactoTableViewCell.swift */; };
		1397E53F20FCEC1D00CD1377 /* Contacto.swift in Sources */ = {isa = PBXBuildFile; fileRef = 1397E53E20FCEC1D00CD1377 /* Contacto.swift */; };
		1397E54620FCEFC200CD1377 /* AddViewController.swift in Sources */ = {isa = PBXBuildFile; fileRef = 1397E54520FCEFC200CD1377 /* AddViewController.swift */; };
		13E3E9D220F6974300D857B6 /* WelcomeViewController.swift in Sources */ = {isa = PBXBuildFile; fileRef = 13E3E9D120F6974300D857B6 /* WelcomeViewController.swift */; };
		FE723ED388E572211111CD95 /* Pods_SerenaDominguezE4.framework in Frameworks */ = {isa = PBXBuildFile; fileRef = BADBDFCBB6D08B5FE2AB2DC9 /* Pods_SerenaDominguezE4.framework */; };
/* End PBXBuildFile section */

/* Begin PBXFileReference section */
		1376063B20ED53DD00C63322 /* SerenaDominguezE4.app */ = {isa = PBXFileReference; explicitFileType = wrapper.application; includeInIndex = 0; path = SerenaDominguezE4.app; sourceTree = BUILT_PRODUCTS_DIR; };
		1376063E20ED53DD00C63322 /* AppDelegate.swift */ = {isa = PBXFileReference; lastKnownFileType = sourcecode.swift; path = AppDelegate.swift; sourceTree = "<group>"; };
		1376064020ED53DD00C63322 /* ViewController.swift */ = {isa = PBXFileReference; lastKnownFileType = sourcecode.swift; path = ViewController.swift; sourceTree = "<group>"; };
		1376064320ED53DD00C63322 /* Base */ = {isa = PBXFileReference; lastKnownFileType = file.storyboard; name = Base; path = Base.lproj/Main.storyboard; sourceTree = "<group>"; };
		1376064520ED53DD00C63322 /* Assets.xcassets */ = {isa = PBXFileReference; lastKnownFileType = folder.assetcatalog; path = Assets.xcassets; sourceTree = "<group>"; };
		1376064820ED53DD00C63322 /* Base */ = {isa = PBXFileReference; lastKnownFileType = file.storyboard; name = Base; path = Base.lproj/LaunchScreen.storyboard; sourceTree = "<group>"; };
		1376064A20ED53DD00C63322 /* Info.plist */ = {isa = PBXFileReference; lastKnownFileType = text.plist.xml; path = Info.plist; sourceTree = "<group>"; };
		1376065020EFFD5300C63322 /* GoogleService-Info.plist */ = {isa = PBXFileReference; fileEncoding = 4; lastKnownFileType = text.plist.xml; path = "GoogleService-Info.plist"; sourceTree = "<group>"; };
		1397E53C20FCEC0D00CD1377 /* ContactoTableViewCell.swift */ = {isa = PBXFileReference; fileEncoding = 4; lastKnownFileType = sourcecode.swift; path = ContactoTableViewCell.swift; sourceTree = "<group>"; };
		1397E53E20FCEC1D00CD1377 /* Contacto.swift */ = {isa = PBXFileReference; fileEncoding = 4; lastKnownFileType = sourcecode.swift; path = Contacto.swift; sourceTree = "<group>"; };
		1397E54520FCEFC200CD1377 /* AddViewController.swift */ = {isa = PBXFileReference; lastKnownFileType = sourcecode.swift; path = AddViewController.swift; sourceTree = "<group>"; };
		13E3E9D120F6974300D857B6 /* WelcomeViewController.swift */ = {isa = PBXFileReference; lastKnownFileType = sourcecode.swift; path = WelcomeViewController.swift; sourceTree = "<group>"; };
		7E3AC9C270B3E74262F0DF01 /* Pods-SerenaDominguezE4.debug.xcconfig */ = {isa = PBXFileReference; includeInIndex = 1; lastKnownFileType = text.xcconfig; name = "Pods-SerenaDominguezE4.debug.xcconfig"; path = "Pods/Target Support Files/Pods-SerenaDominguezE4/Pods-SerenaDominguezE4.debug.xcconfig"; sourceTree = "<group>"; };
		BADBDFCBB6D08B5FE2AB2DC9 /* Pods_SerenaDominguezE4.framework */ = {isa = PBXFileReference; explicitFileType = wrapper.framework; includeInIndex = 0; path = Pods_SerenaDominguezE4.framework; sourceTree = BUILT_PRODUCTS_DIR; };
		FA42FF0D3B11B751A3E32FD5 /* Pods-SerenaDominguezE4.release.xcconfig */ = {isa = PBXFileReference; includeInIndex = 1; lastKnownFileType = text.xcconfig; name = "Pods-SerenaDominguezE4.release.xcconfig"; path = "Pods/Target Support Files/Pods-SerenaDominguezE4/Pods-SerenaDominguezE4.release.xcconfig"; sourceTree = "<group>"; };
/* End PBXFileReference section */

/* Begin PBXFrameworksBuildPhase section */
		1376063820ED53DD00C63322 /* Frameworks */ = {
			isa = PBXFrameworksBuildPhase;
			buildActionMask = 2147483647;
			files = (
				FE723ED388E572211111CD95 /* Pods_SerenaDominguezE4.framework in Frameworks */,
			);
			runOnlyForDeploymentPostprocessing = 0;
		};
/* End PBXFrameworksBuildPhase section */

/* Begin PBXGroup section */
		00CF69E66DE39035464D664D /* Frameworks */ = {
			isa = PBXGroup;
			children = (
				BADBDFCBB6D08B5FE2AB2DC9 /* Pods_SerenaDominguezE4.framework */,
			);
			name = Frameworks;
			sourceTree = "<group>";
		};
		0690A3F9A2788153DA0FDFDA /* Pods */ = {
			isa = PBXGroup;
			children = (
				7E3AC9C270B3E74262F0DF01 /* Pods-SerenaDominguezE4.debug.xcconfig */,
				FA42FF0D3B11B751A3E32FD5 /* Pods-SerenaDominguezE4.release.xcconfig */,
			);
			name = Pods;
			sourceTree = "<group>";
		};
		1376063220ED53DD00C63322 = {
			isa = PBXGroup;
			children = (
				1376063D20ED53DD00C63322 /* SerenaDominguezE4 */,
				1376063C20ED53DD00C63322 /* Products */,
				0690A3F9A2788153DA0FDFDA /* Pods */,
				00CF69E66DE39035464D664D /* Frameworks */,
			);
			sourceTree = "<group>";
		};
		1376063C20ED53DD00C63322 /* Products */ = {
			isa = PBXGroup;
			children = (
				1376063B20ED53DD00C63322 /* SerenaDominguezE4.app */,
			);
			name = Products;
			sourceTree = "<group>";
		};
		1376063D20ED53DD00C63322 /* SerenaDominguezE4 */ = {
			isa = PBXGroup;
			children = (
				1376064A20ED53DD00C63322 /* Info.plist */,
				1397E54420FCED0A00CD1377 /* Resources */,
				1397E54320FCECF400CD1377 /* Model */,
				1397E54220FCECE400CD1377 /* View */,
				1397E54120FCECD300CD1377 /* View Controller */,
				1397E54020FCECC600CD1377 /* Main */,
			);
			path = SerenaDominguezE4;
			sourceTree = "<group>";
		};
		1397E54020FCECC600CD1377 /* Main */ = {
			isa = PBXGroup;
			children = (
				1376063E20ED53DD00C63322 /* AppDelegate.swift */,
			);
			path = Main;
			sourceTree = "<group>";
		};
		1397E54120FCECD300CD1377 /* View Controller */ = {
			isa = PBXGroup;
			children = (
				1376064720ED53DD00C63322 /* LaunchScreen.storyboard */,
				1376064220ED53DD00C63322 /* Main.storyboard */,
				13E3E9D120F6974300D857B6 /* WelcomeViewController.swift */,
				1376064020ED53DD00C63322 /* ViewController.swift */,
				1397E54520FCEFC200CD1377 /* AddViewController.swift */,
			);
			path = "View Controller";
			sourceTree = "<group>";
		};
		1397E54220FCECE400CD1377 /* View */ = {
			isa = PBXGroup;
			children = (
				1397E53C20FCEC0D00CD1377 /* ContactoTableViewCell.swift */,
			);
			path = View;
			sourceTree = "<group>";
		};
		1397E54320FCECF400CD1377 /* Model */ = {
			isa = PBXGroup;
			children = (
				1397E53E20FCEC1D00CD1377 /* Contacto.swift */,
			);
			path = Model;
			sourceTree = "<group>";
		};
		1397E54420FCED0A00CD1377 /* Resources */ = {
			isa = PBXGroup;
			children = (
				1376064520ED53DD00C63322 /* Assets.xcassets */,
				1376065020EFFD5300C63322 /* GoogleService-Info.plist */,
			);
			path = Resources;
			sourceTree = "<group>";
		};
/* End PBXGroup section */

/* Begin PBXNativeTarget section */
		1376063A20ED53DD00C63322 /* SerenaDominguezE4 */ = {
			isa = PBXNativeTarget;
			buildConfigurationList = 1376064D20ED53DD00C63322 /* Build configuration list for PBXNativeTarget "SerenaDominguezE4" */;
			buildPhases = (
				4F1996E80773C5E349CBA90F /* [CP] Check Pods Manifest.lock */,
				1376063720ED53DD00C63322 /* Sources */,
				1376063820ED53DD00C63322 /* Frameworks */,
				1376063920ED53DD00C63322 /* Resources */,
				73F43878F69151F892F3637C /* [CP] Embed Pods Frameworks */,
				A3ACF1133F0877B88977A2D9 /* [CP] Copy Pods Resources */,
			);
			buildRules = (
			);
			dependencies = (
			);
			name = SerenaDominguezE4;
			productName = SerenaDominguezE4;
			productReference = 1376063B20ED53DD00C63322 /* SerenaDominguezE4.app */;
			productType = "com.apple.product-type.application";
		};
/* End PBXNativeTarget section */

/* Begin PBXProject section */
		1376063320ED53DD00C63322 /* Project object */ = {
			isa = PBXProject;
			attributes = {
				LastSwiftUpdateCheck = 0920;
				LastUpgradeCheck = 0920;
				ORGANIZATIONNAME = "Digital House";
				TargetAttributes = {
					1376063A20ED53DD00C63322 = {
						CreatedOnToolsVersion = 9.2;
						ProvisioningStyle = Automatic;
					};
				};
			};
			buildConfigurationList = 1376063620ED53DD00C63322 /* Build configuration list for PBXProject "SerenaDominguezE4" */;
			compatibilityVersion = "Xcode 8.0";
			developmentRegion = en;
			hasScannedForEncodings = 0;
			knownRegions = (
				en,
				Base,
			);
			mainGroup = 1376063220ED53DD00C63322;
			productRefGroup = 1376063C20ED53DD00C63322 /* Products */;
			projectDirPath = "";
			projectRoot = "";
			targets = (
				1376063A20ED53DD00C63322 /* SerenaDominguezE4 */,
			);
		};
/* End PBXProject section */

/* Begin PBXResourcesBuildPhase section */
		1376063920ED53DD00C63322 /* Resources */ = {
			isa = PBXResourcesBuildPhase;
			buildActionMask = 2147483647;
			files = (
				1376064920ED53DD00C63322 /* LaunchScreen.storyboard in Resources */,
				1376065120EFFD5300C63322 /* GoogleService-Info.plist in Resources */,
				1376064620ED53DD00C63322 /* Assets.xcassets in Resources */,
				1376064420ED53DD00C63322 /* Main.storyboard in Resources */,
			);
			runOnlyForDeploymentPostprocessing = 0;
		};
/* End PBXResourcesBuildPhase section */

/* Begin PBXShellScriptBuildPhase section */
		4F1996E80773C5E349CBA90F /* [CP] Check Pods Manifest.lock */ = {
			isa = PBXShellScriptBuildPhase;
			buildActionMask = 2147483647;
			files = (
			);
			inputPaths = (
				"${PODS_PODFILE_DIR_PATH}/Podfile.lock",
				"${PODS_ROOT}/Manifest.lock",
			);
			name = "[CP] Check Pods Manifest.lock";
			outputPaths = (
				"$(DERIVED_FILE_DIR)/Pods-SerenaDominguezE4-checkManifestLockResult.txt",
			);
			runOnlyForDeploymentPostprocessing = 0;
			shellPath = /bin/sh;
			shellScript = "diff \"${PODS_PODFILE_DIR_PATH}/Podfile.lock\" \"${PODS_ROOT}/Manifest.lock\" > /dev/null\nif [ $? != 0 ] ; then\n    # print error to STDERR\n    echo \"error: The sandbox is not in sync with the Podfile.lock. Run 'pod install' or update your CocoaPods installation.\" >&2\n    exit 1\nfi\n# This output is used by Xcode 'outputs' to avoid re-running this script phase.\necho \"SUCCESS\" > \"${SCRIPT_OUTPUT_FILE_0}\"\n";
			showEnvVarsInLog = 0;
		};
		73F43878F69151F892F3637C /* [CP] Embed Pods Frameworks */ = {
			isa = PBXShellScriptBuildPhase;
			buildActionMask = 2147483647;
			files = (
			);
			inputPaths = (
				"${SRCROOT}/Pods/Target Support Files/Pods-SerenaDominguezE4/Pods-SerenaDominguezE4-frameworks.sh",
				"${BUILT_PRODUCTS_DIR}/Bolts/Bolts.framework",
				"${BUILT_PRODUCTS_DIR}/BoringSSL/openssl.framework",
				"${BUILT_PRODUCTS_DIR}/FBSDKCoreKit/FBSDKCoreKit.framework",
				"${BUILT_PRODUCTS_DIR}/FBSDKLoginKit/FBSDKLoginKit.framework",
				"${BUILT_PRODUCTS_DIR}/GTMOAuth2/GTMOAuth2.framework",
				"${BUILT_PRODUCTS_DIR}/GTMSessionFetcher/GTMSessionFetcher.framework",
				"${BUILT_PRODUCTS_DIR}/GoogleToolboxForMac/GoogleToolboxForMac.framework",
				"${BUILT_PRODUCTS_DIR}/Kingfisher/Kingfisher.framework",
				"${BUILT_PRODUCTS_DIR}/Protobuf/Protobuf.framework",
				"${BUILT_PRODUCTS_DIR}/SDWebImage/SDWebImage.framework",
				"${PODS_ROOT}/TwitterCore/iOS/TwitterCore.framework",
				"${PODS_ROOT}/TwitterKit/iOS/TwitterKit.framework",
				"${BUILT_PRODUCTS_DIR}/gRPC/GRPCClient.framework",
				"${BUILT_PRODUCTS_DIR}/gRPC-Core/grpc.framework",
				"${BUILT_PRODUCTS_DIR}/gRPC-ProtoRPC/ProtoRPC.framework",
				"${BUILT_PRODUCTS_DIR}/gRPC-RxLibrary/RxLibrary.framework",
				"${BUILT_PRODUCTS_DIR}/leveldb-library/leveldb.framework",
				"${BUILT_PRODUCTS_DIR}/nanopb/nanopb.framework",
			);
			name = "[CP] Embed Pods Frameworks";
			outputPaths = (
				"${TARGET_BUILD_DIR}/${FRAMEWORKS_FOLDER_PATH}/Bolts.framework",
				"${TARGET_BUILD_DIR}/${FRAMEWORKS_FOLDER_PATH}/openssl.framework",
				"${TARGET_BUILD_DIR}/${FRAMEWORKS_FOLDER_PATH}/FBSDKCoreKit.framework",
				"${TARGET_BUILD_DIR}/${FRAMEWORKS_FOLDER_PATH}/FBSDKLoginKit.framework",
				"${TARGET_BUILD_DIR}/${FRAMEWORKS_FOLDER_PATH}/GTMOAuth2.framework",
				"${TARGET_BUILD_DIR}/${FRAMEWORKS_FOLDER_PATH}/GTMSessionFetcher.framework",
				"${TARGET_BUILD_DIR}/${FRAMEWORKS_FOLDER_PATH}/GoogleToolboxForMac.framework",
				"${TARGET_BUILD_DIR}/${FRAMEWORKS_FOLDER_PATH}/Kingfisher.framework",
				"${TARGET_BUILD_DIR}/${FRAMEWORKS_FOLDER_PATH}/Protobuf.framework",
				"${TARGET_BUILD_DIR}/${FRAMEWORKS_FOLDER_PATH}/SDWebImage.framework",
				"${TARGET_BUILD_DIR}/${FRAMEWORKS_FOLDER_PATH}/TwitterCore.framework",
				"${TARGET_BUILD_DIR}/${FRAMEWORKS_FOLDER_PATH}/TwitterKit.framework",
				"${TARGET_BUILD_DIR}/${FRAMEWORKS_FOLDER_PATH}/GRPCClient.framework",
				"${TARGET_BUILD_DIR}/${FRAMEWORKS_FOLDER_PATH}/grpc.framework",
				"${TARGET_BUILD_DIR}/${FRAMEWORKS_FOLDER_PATH}/ProtoRPC.framework",
				"${TARGET_BUILD_DIR}/${FRAMEWORKS_FOLDER_PATH}/RxLibrary.framework",
				"${TARGET_BUILD_DIR}/${FRAMEWORKS_FOLDER_PATH}/leveldb.framework",
				"${TARGET_BUILD_DIR}/${FRAMEWORKS_FOLDER_PATH}/nanopb.framework",
			);
			runOnlyForDeploymentPostprocessing = 0;
			shellPath = /bin/sh;
			shellScript = "\"${SRCROOT}/Pods/Target Support Files/Pods-SerenaDominguezE4/Pods-SerenaDominguezE4-frameworks.sh\"\n";
			showEnvVarsInLog = 0;
		};
		A3ACF1133F0877B88977A2D9 /* [CP] Copy Pods Resources */ = {
			isa = PBXShellScriptBuildPhase;
			buildActionMask = 2147483647;
			files = (
			);
			inputPaths = (
				"${SRCROOT}/Pods/Target Support Files/Pods-SerenaDominguezE4/Pods-SerenaDominguezE4-resources.sh",
				"${PODS_CONFIGURATION_BUILD_DIR}/FirebaseUI/FirebaseAuthUI.bundle",
				"${PODS_CONFIGURATION_BUILD_DIR}/FirebaseUI/FirebaseFacebookAuthUI.bundle",
				"${PODS_CONFIGURATION_BUILD_DIR}/FirebaseUI/FirebaseGoogleAuthUI.bundle",
				"${PODS_CONFIGURATION_BUILD_DIR}/FirebaseUI/FirebasePhoneAuthUI.bundle",
				"${PODS_CONFIGURATION_BUILD_DIR}/FirebaseUI/FirebaseTwitterAuthUI.bundle",
				"${PODS_ROOT}/GoogleSignIn/Resources/GoogleSignIn.bundle",
				"${PODS_ROOT}/TwitterKit/iOS/TwitterKit.framework/TwitterKitResources.bundle",
				"${PODS_ROOT}/TwitterKit/iOS/TwitterKit.framework/TwitterShareExtensionUIResources.bundle",
			);
			name = "[CP] Copy Pods Resources";
			outputPaths = (
				"${TARGET_BUILD_DIR}/${UNLOCALIZED_RESOURCES_FOLDER_PATH}/FirebaseAuthUI.bundle",
				"${TARGET_BUILD_DIR}/${UNLOCALIZED_RESOURCES_FOLDER_PATH}/FirebaseFacebookAuthUI.bundle",
				"${TARGET_BUILD_DIR}/${UNLOCALIZED_RESOURCES_FOLDER_PATH}/FirebaseGoogleAuthUI.bundle",
				"${TARGET_BUILD_DIR}/${UNLOCALIZED_RESOURCES_FOLDER_PATH}/FirebasePhoneAuthUI.bundle",
				"${TARGET_BUILD_DIR}/${UNLOCALIZED_RESOURCES_FOLDER_PATH}/FirebaseTwitterAuthUI.bundle",
				"${TARGET_BUILD_DIR}/${UNLOCALIZED_RESOURCES_FOLDER_PATH}/GoogleSignIn.bundle",
				"${TARGET_BUILD_DIR}/${UNLOCALIZED_RESOURCES_FOLDER_PATH}/TwitterKitResources.bundle",
				"${TARGET_BUILD_DIR}/${UNLOCALIZED_RESOURCES_FOLDER_PATH}/TwitterShareExtensionUIResources.bundle",
			);
			runOnlyForDeploymentPostprocessing = 0;
			shellPath = /bin/sh;
			shellScript = "\"${SRCROOT}/Pods/Target Support Files/Pods-SerenaDominguezE4/Pods-SerenaDominguezE4-resources.sh\"\n";
			showEnvVarsInLog = 0;
		};
/* End PBXShellScriptBuildPhase section */

/* Begin PBXSourcesBuildPhase section */
		1376063720ED53DD00C63322 /* Sources */ = {
			isa = PBXSourcesBuildPhase;
			buildActionMask = 2147483647;
			files = (
				1397E53D20FCEC0D00CD1377 /* ContactoTableViewCell.swift in Sources */,
				13E3E9D220F6974300D857B6 /* WelcomeViewController.swift in Sources */,
				1397E54620FCEFC200CD1377 /* AddViewController.swift in Sources */,
				1376064120ED53DD00C63322 /* ViewController.swift in Sources */,
				1376063F20ED53DD00C63322 /* AppDelegate.swift in Sources */,
				1397E53F20FCEC1D00CD1377 /* Contacto.swift in Sources */,
			);
			runOnlyForDeploymentPostprocessing = 0;
		};
/* End PBXSourcesBuildPhase section */

/* Begin PBXVariantGroup section */
		1376064220ED53DD00C63322 /* Main.storyboard */ = {
			isa = PBXVariantGroup;
			children = (
				1376064320ED53DD00C63322 /* Base */,
			);
			name = Main.storyboard;
			sourceTree = "<group>";
		};
		1376064720ED53DD00C63322 /* LaunchScreen.storyboard */ = {
			isa = PBXVariantGroup;
			children = (
				1376064820ED53DD00C63322 /* Base */,
			);
			name = LaunchScreen.storyboard;
			sourceTree = "<group>";
		};
/* End PBXVariantGroup section */

/* Begin XCBuildConfiguration section */
		1376064B20ED53DD00C63322 /* Debug */ = {
			isa = XCBuildConfiguration;
			buildSettings = {
				ALWAYS_SEARCH_USER_PATHS = NO;
				CLANG_ANALYZER_NONNULL = YES;
				CLANG_ANALYZER_NUMBER_OBJECT_CONVERSION = YES_AGGRESSIVE;
				CLANG_CXX_LANGUAGE_STANDARD = "gnu++14";
				CLANG_CXX_LIBRARY = "libc++";
				CLANG_ENABLE_MODULES = YES;
				CLANG_ENABLE_OBJC_ARC = YES;
				CLANG_WARN_BLOCK_CAPTURE_AUTORELEASING = YES;
				CLANG_WARN_BOOL_CONVERSION = YES;
				CLANG_WARN_COMMA = YES;
				CLANG_WARN_CONSTANT_CONVERSION = YES;
				CLANG_WARN_DIRECT_OBJC_ISA_USAGE = YES_ERROR;
				CLANG_WARN_DOCUMENTATION_COMMENTS = YES;
				CLANG_WARN_EMPTY_BODY = YES;
				CLANG_WARN_ENUM_CONVERSION = YES;
				CLANG_WARN_INFINITE_RECURSION = YES;
				CLANG_WARN_INT_CONVERSION = YES;
				CLANG_WARN_NON_LITERAL_NULL_CONVERSION = YES;
				CLANG_WARN_OBJC_LITERAL_CONVERSION = YES;
				CLANG_WARN_OBJC_ROOT_CLASS = YES_ERROR;
				CLANG_WARN_RANGE_LOOP_ANALYSIS = YES;
				CLANG_WARN_STRICT_PROTOTYPES = YES;
				CLANG_WARN_SUSPICIOUS_MOVE = YES;
				CLANG_WARN_UNGUARDED_AVAILABILITY = YES_AGGRESSIVE;
				CLANG_WARN_UNREACHABLE_CODE = YES;
				CLANG_WARN__DUPLICATE_METHOD_MATCH = YES;
				CODE_SIGN_IDENTITY = "iPhone Developer";
				COPY_PHASE_STRIP = NO;
				DEBUG_INFORMATION_FORMAT = dwarf;
				ENABLE_STRICT_OBJC_MSGSEND = YES;
				ENABLE_TESTABILITY = YES;
				GCC_C_LANGUAGE_STANDARD = gnu11;
				GCC_DYNAMIC_NO_PIC = NO;
				GCC_NO_COMMON_BLOCKS = YES;
				GCC_OPTIMIZATION_LEVEL = 0;
				GCC_PREPROCESSOR_DEFINITIONS = (
					"DEBUG=1",
					"$(inherited)",
				);
				GCC_WARN_64_TO_32_BIT_CONVERSION = YES;
				GCC_WARN_ABOUT_RETURN_TYPE = YES_ERROR;
				GCC_WARN_UNDECLARED_SELECTOR = YES;
				GCC_WARN_UNINITIALIZED_AUTOS = YES_AGGRESSIVE;
				GCC_WARN_UNUSED_FUNCTION = YES;
				GCC_WARN_UNUSED_VARIABLE = YES;
				IPHONEOS_DEPLOYMENT_TARGET = 11.2;
				MTL_ENABLE_DEBUG_INFO = YES;
				ONLY_ACTIVE_ARCH = YES;
				SDKROOT = iphoneos;
				SWIFT_ACTIVE_COMPILATION_CONDITIONS = DEBUG;
				SWIFT_OPTIMIZATION_LEVEL = "-Onone";
			};
			name = Debug;
		};
		1376064C20ED53DD00C63322 /* Release */ = {
			isa = XCBuildConfiguration;
			buildSettings = {
				ALWAYS_SEARCH_USER_PATHS = NO;
				CLANG_ANALYZER_NONNULL = YES;
				CLANG_ANALYZER_NUMBER_OBJECT_CONVERSION = YES_AGGRESSIVE;
				CLANG_CXX_LANGUAGE_STANDARD = "gnu++14";
				CLANG_CXX_LIBRARY = "libc++";
				CLANG_ENABLE_MODULES = YES;
				CLANG_ENABLE_OBJC_ARC = YES;
				CLANG_WARN_BLOCK_CAPTURE_AUTORELEASING = YES;
				CLANG_WARN_BOOL_CONVERSION = YES;
				CLANG_WARN_COMMA = YES;
				CLANG_WARN_CONSTANT_CONVERSION = YES;
				CLANG_WARN_DIRECT_OBJC_ISA_USAGE = YES_ERROR;
				CLANG_WARN_DOCUMENTATION_COMMENTS = YES;
				CLANG_WARN_EMPTY_BODY = YES;
				CLANG_WARN_ENUM_CONVERSION = YES;
				CLANG_WARN_INFINITE_RECURSION = YES;
				CLANG_WARN_INT_CONVERSION = YES;
				CLANG_WARN_NON_LITERAL_NULL_CONVERSION = YES;
				CLANG_WARN_OBJC_LITERAL_CONVERSION = YES;
				CLANG_WARN_OBJC_ROOT_CLASS = YES_ERROR;
				CLANG_WARN_RANGE_LOOP_ANALYSIS = YES;
				CLANG_WARN_STRICT_PROTOTYPES = YES;
				CLANG_WARN_SUSPICIOUS_MOVE = YES;
				CLANG_WARN_UNGUARDED_AVAILABILITY = YES_AGGRESSIVE;
				CLANG_WARN_UNREACHABLE_CODE = YES;
				CLANG_WARN__DUPLICATE_METHOD_MATCH = YES;
				CODE_SIGN_IDENTITY = "iPhone Developer";
				COPY_PHASE_STRIP = NO;
				DEBUG_INFORMATION_FORMAT = "dwarf-with-dsym";
				ENABLE_NS_ASSERTIONS = NO;
				ENABLE_STRICT_OBJC_MSGSEND = YES;
				GCC_C_LANGUAGE_STANDARD = gnu11;
				GCC_NO_COMMON_BLOCKS = YES;
				GCC_WARN_64_TO_32_BIT_CONVERSION = YES;
				GCC_WARN_ABOUT_RETURN_TYPE = YES_ERROR;
				GCC_WARN_UNDECLARED_SELECTOR = YES;
				GCC_WARN_UNINITIALIZED_AUTOS = YES_AGGRESSIVE;
				GCC_WARN_UNUSED_FUNCTION = YES;
				GCC_WARN_UNUSED_VARIABLE = YES;
				IPHONEOS_DEPLOYMENT_TARGET = 11.2;
				MTL_ENABLE_DEBUG_INFO = NO;
				SDKROOT = iphoneos;
				SWIFT_OPTIMIZATION_LEVEL = "-Owholemodule";
				VALIDATE_PRODUCT = YES;
			};
			name = Release;
		};
		1376064E20ED53DD00C63322 /* Debug */ = {
			isa = XCBuildConfiguration;
			baseConfigurationReference = 7E3AC9C270B3E74262F0DF01 /* Pods-SerenaDominguezE4.debug.xcconfig */;
			buildSettings = {
				ASSETCATALOG_COMPILER_APPICON_NAME = AppIcon;
				CODE_SIGN_STYLE = Automatic;
				INFOPLIST_FILE = SerenaDominguezE4/Info.plist;
				LD_RUNPATH_SEARCH_PATHS = "$(inherited) @executable_path/Frameworks";
				PRODUCT_BUNDLE_IDENTIFIER = DH.SerenaDominguezE4;
				PRODUCT_NAME = "$(TARGET_NAME)";
				SWIFT_VERSION = 4.0;
				TARGETED_DEVICE_FAMILY = "1,2";
			};
			name = Debug;
		};
		1376064F20ED53DD00C63322 /* Release */ = {
			isa = XCBuildConfiguration;
			baseConfigurationReference = FA42FF0D3B11B751A3E32FD5 /* Pods-SerenaDominguezE4.release.xcconfig */;
			buildSettings = {
				ASSETCATALOG_COMPILER_APPICON_NAME = AppIcon;
				CODE_SIGN_STYLE = Automatic;
				INFOPLIST_FILE = SerenaDominguezE4/Info.plist;
				LD_RUNPATH_SEARCH_PATHS = "$(inherited) @executable_path/Frameworks";
				PRODUCT_BUNDLE_IDENTIFIER = DH.SerenaDominguezE4;
				PRODUCT_NAME = "$(TARGET_NAME)";
				SWIFT_VERSION = 4.0;
				TARGETED_DEVICE_FAMILY = "1,2";
			};
			name = Release;
		};
/* End XCBuildConfiguration section */

/* Begin XCConfigurationList section */
		1376063620ED53DD00C63322 /* Build configuration list for PBXProject "SerenaDominguezE4" */ = {
			isa = XCConfigurationList;
			buildConfigurations = (
				1376064B20ED53DD00C63322 /* Debug */,
				1376064C20ED53DD00C63322 /* Release */,
			);
			defaultConfigurationIsVisible = 0;
			defaultConfigurationName = Release;
		};
		1376064D20ED53DD00C63322 /* Build configuration list for PBXNativeTarget "SerenaDominguezE4" */ = {
			isa = XCConfigurationList;
			buildConfigurations = (
				1376064E20ED53DD00C63322 /* Debug */,
				1376064F20ED53DD00C63322 /* Release */,
			);
			defaultConfigurationIsVisible = 0;
			defaultConfigurationName = Release;
		};
/* End XCConfigurationList section */
	};
	rootObject = 1376063320ED53DD00C63322 /* Project object */;
}
